
Microsoft Visual Studio Solution File, Format Version 12.00
# Visual Studio Version 17
VisualStudioVersion = 17.0.32126.317
MinimumVisualStudioVersion = 10.0.40219.1
Project("{FAE04EC0-301F-11D3-BF4B-00C04F79EFBC}") = "Algorai LB3_Uzd", "Algorai LB3_Uzd\Algorai LB3_Uzd.csproj", "{A95DD660-20A2-41AD-B9E7-6938F577875E}"
EndProject
Global
	GlobalSection(SolutionConfigurationPlatforms) = preSolution
		Debug|Any CPU = Debug|Any CPU
		Release|Any CPU = Release|Any CPU
	EndGlobalSection
	GlobalSection(ProjectConfigurationPlatforms) = postSolution
		{A95DD660-20A2-41AD-B9E7-6938F577875E}.Debug|Any CPU.ActiveCfg = Debug|Any CPU
		{A95DD660-20A2-41AD-B9E7-6938F577875E}.Debug|Any CPU.Build.0 = Debug|Any CPU
		{A95DD660-20A2-41AD-B9E7-6938F577875E}.Release|Any CPU.ActiveCfg = Release|Any CPU
		{A95DD660-20A2-41AD-B9E7-6938F577875E}.Release|Any CPU.Build.0 = Release|Any CPU
	EndGlobalSection
	GlobalSection(SolutionProperties) = preSolution
		HideSolutionNode = FALSE
	EndGlobalSection
	GlobalSection(ExtensibilityGlobals) = postSolution
		SolutionGuid = {49262FD0-AB7F-4990-B567-77FB3CD10248}
	EndGlobalSection
EndGlobal
