
Microsoft Visual Studio Solution File, Format Version 12.00
# Visual Studio Version 17
VisualStudioVersion = 17.0.32126.317
MinimumVisualStudioVersion = 10.0.40219.1
Project("{9A19103F-16F7-4668-BE54-9A1E7A4F7556}") = "AlgoraiLB2Uzduotis", "AlgoraiLB2Uzduotis\AlgoraiLB2Uzduotis.csproj", "{DB845EB8-E8BE-455B-A3D3-100F11E77E17}"
EndProject
Project("{FAE04EC0-301F-11D3-BF4B-00C04F79EFBC}") = "AlgoraiLB2UzduotisRekursiskai", "AlgoraiLB2UzduotisRekursiskai\AlgoraiLB2UzduotisRekursiskai.csproj", "{D8A35580-71C5-40DC-98B0-075C3A8904E1}"
EndProject
Global
	GlobalSection(SolutionConfigurationPlatforms) = preSolution
		Debug|Any CPU = Debug|Any CPU
		Release|Any CPU = Release|Any CPU
	EndGlobalSection
	GlobalSection(ProjectConfigurationPlatforms) = postSolution
		{DB845EB8-E8BE-455B-A3D3-100F11E77E17}.Debug|Any CPU.ActiveCfg = Debug|Any CPU
		{DB845EB8-E8BE-455B-A3D3-100F11E77E17}.Debug|Any CPU.Build.0 = Debug|Any CPU
		{DB845EB8-E8BE-455B-A3D3-100F11E77E17}.Release|Any CPU.ActiveCfg = Release|Any CPU
		{DB845EB8-E8BE-455B-A3D3-100F11E77E17}.Release|Any CPU.Build.0 = Release|Any CPU
		{D8A35580-71C5-40DC-98B0-075C3A8904E1}.Debug|Any CPU.ActiveCfg = Debug|Any CPU
		{D8A35580-71C5-40DC-98B0-075C3A8904E1}.Debug|Any CPU.Build.0 = Debug|Any CPU
		{D8A35580-71C5-40DC-98B0-075C3A8904E1}.Release|Any CPU.ActiveCfg = Release|Any CPU
		{D8A35580-71C5-40DC-98B0-075C3A8904E1}.Release|Any CPU.Build.0 = Release|Any CPU
	EndGlobalSection
	GlobalSection(SolutionProperties) = preSolution
		HideSolutionNode = FALSE
	EndGlobalSection
	GlobalSection(ExtensibilityGlobals) = postSolution
		SolutionGuid = {D641D318-236F-44B3-8B11-FA7A1C8CB22F}
	EndGlobalSection
EndGlobal
