
Microsoft Visual Studio Solution File, Format Version 12.00
# Visual Studio Version 17
VisualStudioVersion = 17.9.34728.123
MinimumVisualStudioVersion = 10.0.40219.1
Project("{FAE04EC0-301F-11D3-BF4B-00C04F79EFBC}") = "StudentsAPI", "StudentsAPI\StudentsAPI.csproj", "{D80B38F5-15BE-4BDF-9E0F-A84A8EB4F0C6}"
EndProject
Project("{FAE04EC0-301F-11D3-BF4B-00C04F79EFBC}") = "CourseAPI", "CourseAPI\CourseAPI.csproj", "{07318BCA-D0B6-41AD-BB08-90B76D21B5C8}"
EndProject
Project("{E53339B2-1760-4266-BCC7-CA923CBCF16C}") = "docker-compose", "docker-compose.dcproj", "{26619B75-6FC5-49EB-B274-7DF8DA1FED3A}"
EndProject
Global
	GlobalSection(SolutionConfigurationPlatforms) = preSolution
		Debug|Any CPU = Debug|Any CPU
		Release|Any CPU = Release|Any CPU
	EndGlobalSection
	GlobalSection(ProjectConfigurationPlatforms) = postSolution
		{D80B38F5-15BE-4BDF-9E0F-A84A8EB4F0C6}.Debug|Any CPU.ActiveCfg = Debug|Any CPU
		{D80B38F5-15BE-4BDF-9E0F-A84A8EB4F0C6}.Debug|Any CPU.Build.0 = Debug|Any CPU
		{D80B38F5-15BE-4BDF-9E0F-A84A8EB4F0C6}.Release|Any CPU.ActiveCfg = Release|Any CPU
		{D80B38F5-15BE-4BDF-9E0F-A84A8EB4F0C6}.Release|Any CPU.Build.0 = Release|Any CPU
		{07318BCA-D0B6-41AD-BB08-90B76D21B5C8}.Debug|Any CPU.ActiveCfg = Debug|Any CPU
		{07318BCA-D0B6-41AD-BB08-90B76D21B5C8}.Debug|Any CPU.Build.0 = Debug|Any CPU
		{07318BCA-D0B6-41AD-BB08-90B76D21B5C8}.Release|Any CPU.ActiveCfg = Release|Any CPU
		{07318BCA-D0B6-41AD-BB08-90B76D21B5C8}.Release|Any CPU.Build.0 = Release|Any CPU
		{26619B75-6FC5-49EB-B274-7DF8DA1FED3A}.Debug|Any CPU.ActiveCfg = Debug|Any CPU
		{26619B75-6FC5-49EB-B274-7DF8DA1FED3A}.Debug|Any CPU.Build.0 = Debug|Any CPU
		{26619B75-6FC5-49EB-B274-7DF8DA1FED3A}.Release|Any CPU.ActiveCfg = Release|Any CPU
		{26619B75-6FC5-49EB-B274-7DF8DA1FED3A}.Release|Any CPU.Build.0 = Release|Any CPU
	EndGlobalSection
	GlobalSection(SolutionProperties) = preSolution
		HideSolutionNode = FALSE
	EndGlobalSection
	GlobalSection(ExtensibilityGlobals) = postSolution
		SolutionGuid = {42AB2F96-D9AC-42D0-BC74-4B86169994A9}
	EndGlobalSection
EndGlobal
